
Microsoft Visual Studio Solution File, Format Version 12.00
# Visual Studio 15
VisualStudioVersion = 15.0.28307.329
MinimumVisualStudioVersion = 10.0.40219.1
Project("{FAE04EC0-301F-11D3-BF4B-00C04F79EFBC}") = "EjercicioPatrones_3", "ConsoleApp1\EjercicioPatrones_3.csproj", "{7959C921-4490-41E7-9C58-58BF2F99A47C}"
EndProject
Global
	GlobalSection(SolutionConfigurationPlatforms) = preSolution
		Debug|Any CPU = Debug|Any CPU
		Release|Any CPU = Release|Any CPU
	EndGlobalSection
	GlobalSection(ProjectConfigurationPlatforms) = postSolution
		{7959C921-4490-41E7-9C58-58BF2F99A47C}.Debug|Any CPU.ActiveCfg = Debug|Any CPU
		{7959C921-4490-41E7-9C58-58BF2F99A47C}.Debug|Any CPU.Build.0 = Debug|Any CPU
		{7959C921-4490-41E7-9C58-58BF2F99A47C}.Release|Any CPU.ActiveCfg = Release|Any CPU
		{7959C921-4490-41E7-9C58-58BF2F99A47C}.Release|Any CPU.Build.0 = Release|Any CPU
	EndGlobalSection
	GlobalSection(SolutionProperties) = preSolution
		HideSolutionNode = FALSE
	EndGlobalSection
	GlobalSection(ExtensibilityGlobals) = postSolution
		SolutionGuid = {563651FE-C38D-464F-9196-EB2E0318A0CE}
	EndGlobalSection
EndGlobal
